
Microsoft Visual Studio Solution File, Format Version 12.00
# Visual Studio Version 16
VisualStudioVersion = 16.0.31911.196
MinimumVisualStudioVersion = 10.0.40219.1
Project("{FAE04EC0-301F-11D3-BF4B-00C04F79EFBC}") = "Task1", "Task1\Task1.csproj", "{11080FE0-7C0C-46DC-861E-A7910DCEDBEB}"
EndProject
Global
	GlobalSection(SolutionConfigurationPlatforms) = preSolution
		Debug|Any CPU = Debug|Any CPU
		Release|Any CPU = Release|Any CPU
	EndGlobalSection
	GlobalSection(ProjectConfigurationPlatforms) = postSolution
		{11080FE0-7C0C-46DC-861E-A7910DCEDBEB}.Debug|Any CPU.ActiveCfg = Debug|Any CPU
		{11080FE0-7C0C-46DC-861E-A7910DCEDBEB}.Debug|Any CPU.Build.0 = Debug|Any CPU
		{11080FE0-7C0C-46DC-861E-A7910DCEDBEB}.Release|Any CPU.ActiveCfg = Release|Any CPU
		{11080FE0-7C0C-46DC-861E-A7910DCEDBEB}.Release|Any CPU.Build.0 = Release|Any CPU
	EndGlobalSection
	GlobalSection(SolutionProperties) = preSolution
		HideSolutionNode = FALSE
	EndGlobalSection
	GlobalSection(ExtensibilityGlobals) = postSolution
		SolutionGuid = {247A063E-6C5E-4CBF-AC12-0F3255400FE1}
	EndGlobalSection
EndGlobal
